
Microsoft Visual Studio Solution File, Format Version 12.00
# Visual Studio Version 16
VisualStudioVersion = 16.0.29123.88
MinimumVisualStudioVersion = 10.0.40219.1
Project("{FAE04EC0-301F-11D3-BF4B-00C04F79EFBC}") = "While Loops", "While Loops\While Loops.csproj", "{67AF29F6-98C4-4781-8388-51659192CEA0}"
EndProject
Global
	GlobalSection(SolutionConfigurationPlatforms) = preSolution
		Debug|Any CPU = Debug|Any CPU
		Release|Any CPU = Release|Any CPU
	EndGlobalSection
	GlobalSection(ProjectConfigurationPlatforms) = postSolution
		{67AF29F6-98C4-4781-8388-51659192CEA0}.Debug|Any CPU.ActiveCfg = Debug|Any CPU
		{67AF29F6-98C4-4781-8388-51659192CEA0}.Debug|Any CPU.Build.0 = Debug|Any CPU
		{67AF29F6-98C4-4781-8388-51659192CEA0}.Release|Any CPU.ActiveCfg = Release|Any CPU
		{67AF29F6-98C4-4781-8388-51659192CEA0}.Release|Any CPU.Build.0 = Release|Any CPU
	EndGlobalSection
	GlobalSection(SolutionProperties) = preSolution
		HideSolutionNode = FALSE
	EndGlobalSection
	GlobalSection(ExtensibilityGlobals) = postSolution
		SolutionGuid = {42C8E0FE-6AE5-41BD-A882-BAA00625DC45}
	EndGlobalSection
EndGlobal
